
Microsoft Visual Studio Solution File, Format Version 12.00
# Visual Studio Version 17
VisualStudioVersion = 17.5.002.0
MinimumVisualStudioVersion = 10.0.40219.1
Project("{9A19103F-16F7-4668-BE54-9A1E7A4F7556}") = "ApiGateway", "ApiGateway.csproj", "{08F5E590-0330-421A-9FB8-58235CEF2904}"
EndProject
Global
	GlobalSection(SolutionConfigurationPlatforms) = preSolution
		Debug|Any CPU = Debug|Any CPU
		Release|Any CPU = Release|Any CPU
	EndGlobalSection
	GlobalSection(ProjectConfigurationPlatforms) = postSolution
		{08F5E590-0330-421A-9FB8-58235CEF2904}.Debug|Any CPU.ActiveCfg = Debug|Any CPU
		{08F5E590-0330-421A-9FB8-58235CEF2904}.Debug|Any CPU.Build.0 = Debug|Any CPU
		{08F5E590-0330-421A-9FB8-58235CEF2904}.Release|Any CPU.ActiveCfg = Release|Any CPU
		{08F5E590-0330-421A-9FB8-58235CEF2904}.Release|Any CPU.Build.0 = Release|Any CPU
	EndGlobalSection
	GlobalSection(SolutionProperties) = preSolution
		HideSolutionNode = FALSE
	EndGlobalSection
	GlobalSection(ExtensibilityGlobals) = postSolution
		SolutionGuid = {021D46C4-C25C-43EA-BC3D-DA1ECED4B516}
	EndGlobalSection
EndGlobal
