
Microsoft Visual Studio Solution File, Format Version 12.00
# Visual Studio Version 17
VisualStudioVersion = 17.5.002.0
MinimumVisualStudioVersion = 10.0.40219.1
Project("{9A19103F-16F7-4668-BE54-9A1E7A4F7556}") = "Auth", "Auth.csproj", "{073378E4-E250-4456-BF10-75EE6466D0D9}"
EndProject
Global
	GlobalSection(SolutionConfigurationPlatforms) = preSolution
		Debug|Any CPU = Debug|Any CPU
		Release|Any CPU = Release|Any CPU
	EndGlobalSection
	GlobalSection(ProjectConfigurationPlatforms) = postSolution
		{073378E4-E250-4456-BF10-75EE6466D0D9}.Debug|Any CPU.ActiveCfg = Debug|Any CPU
		{073378E4-E250-4456-BF10-75EE6466D0D9}.Debug|Any CPU.Build.0 = Debug|Any CPU
		{073378E4-E250-4456-BF10-75EE6466D0D9}.Release|Any CPU.ActiveCfg = Release|Any CPU
		{073378E4-E250-4456-BF10-75EE6466D0D9}.Release|Any CPU.Build.0 = Release|Any CPU
	EndGlobalSection
	GlobalSection(SolutionProperties) = preSolution
		HideSolutionNode = FALSE
	EndGlobalSection
	GlobalSection(ExtensibilityGlobals) = postSolution
		SolutionGuid = {96FC5E47-0BED-4617-8F8E-33A872E95D9D}
	EndGlobalSection
EndGlobal
